
Microsoft Visual Studio Solution File, Format Version 12.00
# Visual Studio 15
VisualStudioVersion = 15.0.27130.2010
MinimumVisualStudioVersion = 10.0.40219.1
Project("{FAE04EC0-301F-11D3-BF4B-00C04F79EFBC}") = "TDDKata_TennisGame", "TDDKata_TennisGame\TDDKata_TennisGame.csproj", "{DA6811C1-1700-4A57-92E5-BBE03A5DEE42}"
EndProject
Global
	GlobalSection(SolutionConfigurationPlatforms) = preSolution
		Debug|Any CPU = Debug|Any CPU
		Release|Any CPU = Release|Any CPU
	EndGlobalSection
	GlobalSection(ProjectConfigurationPlatforms) = postSolution
		{DA6811C1-1700-4A57-92E5-BBE03A5DEE42}.Debug|Any CPU.ActiveCfg = Debug|Any CPU
		{DA6811C1-1700-4A57-92E5-BBE03A5DEE42}.Debug|Any CPU.Build.0 = Debug|Any CPU
		{DA6811C1-1700-4A57-92E5-BBE03A5DEE42}.Release|Any CPU.ActiveCfg = Release|Any CPU
		{DA6811C1-1700-4A57-92E5-BBE03A5DEE42}.Release|Any CPU.Build.0 = Release|Any CPU
	EndGlobalSection
	GlobalSection(SolutionProperties) = preSolution
		HideSolutionNode = FALSE
	EndGlobalSection
	GlobalSection(ExtensibilityGlobals) = postSolution
		SolutionGuid = {9738C98B-1DB0-409F-A8C1-42218EACBD00}
	EndGlobalSection
EndGlobal
